
Microsoft Visual Studio Solution File, Format Version 12.00
# Visual Studio Version 16
VisualStudioVersion = 16.0.31702.278
MinimumVisualStudioVersion = 10.0.40219.1
Project("{9A19103F-16F7-4668-BE54-9A1E7A4F7556}") = "Autofish", "Autofish.csproj", "{C455965D-680C-4355-95C5-43562D8B54E2}"
EndProject
Global
	GlobalSection(SolutionConfigurationPlatforms) = preSolution
		Debug|Any CPU = Debug|Any CPU
		Release|Any CPU = Release|Any CPU
	EndGlobalSection
	GlobalSection(ProjectConfigurationPlatforms) = postSolution
		{C455965D-680C-4355-95C5-43562D8B54E2}.Debug|Any CPU.ActiveCfg = Debug|Any CPU
		{C455965D-680C-4355-95C5-43562D8B54E2}.Debug|Any CPU.Build.0 = Debug|Any CPU
		{C455965D-680C-4355-95C5-43562D8B54E2}.Release|Any CPU.ActiveCfg = Release|Any CPU
		{C455965D-680C-4355-95C5-43562D8B54E2}.Release|Any CPU.Build.0 = Release|Any CPU
	EndGlobalSection
	GlobalSection(SolutionProperties) = preSolution
		HideSolutionNode = FALSE
	EndGlobalSection
	GlobalSection(ExtensibilityGlobals) = postSolution
		SolutionGuid = {99900655-E032-4DE1-A1D7-5D9A0EEFAAD6}
	EndGlobalSection
EndGlobal
